// !$*UTF8*$!
{
	archiveVersion = 1;
	classes = {
	};
	objectVersion = 46;
	objects = {

/* Begin PBXBuildFile section */
		03BDEFAFBCF7B06B311FF2A7 /* IOKit.framework in Frameworks */ = {isa = PBXBuildFile; fileRef = CE7B4CF54C8F924B66C6084A /* IOKit.framework */; };
		041747034D4B24A2E6964373 /* Carbon.framework in Frameworks */ = {isa = PBXBuildFile; fileRef = D298D2808021E2418D103F32 /* Carbon.framework */; };
		17EF2EBA9C7E862E015E7E96 /* include_juce_audio_formats.mm in Sources */ = {isa = PBXBuildFile; fileRef = BD8659DC617BCD46C92A6BBA /* include_juce_audio_formats.mm */; };
		27ABD24095364763CBD6FFAC /* QuartzCore.framework in Frameworks */ = {isa = PBXBuildFile; fileRef = 51168AEC59471110EDFDC497 /* QuartzCore.framework */; };
		34CB8EA821DADADFA4500E51 /* include_juce_audio_devices.mm in Sources */ = {isa = PBXBuildFile; fileRef = 48366BDF25B65683C523100B /* include_juce_audio_devices.mm */; };
		3ADA0AEB4549E05CA1F21E2A /* include_juce_graphics.mm in Sources */ = {isa = PBXBuildFile; fileRef = 132C6C8A78BA5A324F2F58DD /* include_juce_graphics.mm */; };
		3B26643AF555E8069A9C6FEF /* include_juce_data_structures.mm in Sources */ = {isa = PBXBuildFile; fileRef = 84CFB8CB7B25DFC2FD920119 /* include_juce_data_structures.mm */; };
		434AD31F01ED8DDA72B47A17 /* Main.cpp in Sources */ = {isa = PBXBuildFile; fileRef = 5BD19DF168CF3A3748BCE85A /* Main.cpp */; };
		4C6F82E65A7D34DBA366B4BF /* include_juce_audio_basics.mm in Sources */ = {isa = PBXBuildFile; fileRef = 9965DA6D9A128DD1C6274A43 /* include_juce_audio_basics.mm */; };
		4F365168C022C80562CAA6A0 /* include_juce_core.mm in Sources */ = {isa = PBXBuildFile; fileRef = A0A136B7A38EC9E5D98768F7 /* include_juce_core.mm */; };
		56F4C746F4EA88A42AE1467C /* OpenGL.framework in Frameworks */ = {isa = PBXBuildFile; fileRef = 5560813935E1DC9D7FCB747B /* OpenGL.framework */; };
		5B7258FAC3F8F04AE6B4884C /* CoreAudio.framework in Frameworks */ = {isa = PBXBuildFile; fileRef = 23EF56AFA0BA94B250587505 /* CoreAudio.framework */; };
		67A7F6E142C2E8C492DEC10D /* MainComponent.cpp in Sources */ = {isa = PBXBuildFile; fileRef = F1D844BEDA88473CE5D005E2 /* MainComponent.cpp */; };
		855D096D5A88B2B4D3D1B48E /* AudioToolbox.framework in Frameworks */ = {isa = PBXBuildFile; fileRef = 1FCF771BD158BD060C714FB0 /* AudioToolbox.framework */; };
		871B6C3F3A420B9FE904FA0E /* Accelerate.framework in Frameworks */ = {isa = PBXBuildFile; fileRef = BB8D5334882BCC7986FACC1D /* Accelerate.framework */; };
		9045233725AB8E1441B86C74 /* CoreMIDI.framework in Frameworks */ = {isa = PBXBuildFile; fileRef = DBA68FB14DEDE6B234A3645C /* CoreMIDI.framework */; };
		9C3F1498DA9690BB82CCE402 /* AVKit.framework in Frameworks */ = {isa = PBXBuildFile; fileRef = 3E3530157BAC6210B2A750D9 /* AVKit.framework */; };
		A7971122F5FA965EE4D89F87 /* include_juce_events.mm in Sources */ = {isa = PBXBuildFile; fileRef = 6497A8D169C3F8D796DAE54B /* include_juce_events.mm */; };
		A87BDA116244F8B2F6F44A3E /* include_juce_gui_extra.mm in Sources */ = {isa = PBXBuildFile; fileRef = 1C5529E9F6CBAF82E8AD6A12 /* include_juce_gui_extra.mm */; };
		AE6E161A6697849D585917D6 /* RecentFilesMenuTemplate.nib in Resources */ = {isa = PBXBuildFile; fileRef = E8279483F7086911F1E60483 /* RecentFilesMenuTemplate.nib */; };
		B49B04C91FB71BDD00B46344 /* VideoFileTransportComponent.cpp in Sources */ = {isa = PBXBuildFile; fileRef = B49B04C71FB71BDD00B46344 /* VideoFileTransportComponent.cpp */; };
		B49B04CC1FB71C9D00B46344 /* FileTransportComponent.cpp in Sources */ = {isa = PBXBuildFile; fileRef = B49B04CA1FB71C9D00B46344 /* FileTransportComponent.cpp */; };
		B5A6C29E194A0E8B44BE8B58 /* Audio.cpp in Sources */ = {isa = PBXBuildFile; fileRef = C65C7C1DD8725AAE31F72FB5 /* Audio.cpp */; };
		BB703FD5F8DB871661B8B946 /* Cocoa.framework in Frameworks */ = {isa = PBXBuildFile; fileRef = 1A8419F033B6FE8FE4BB70AC /* Cocoa.framework */; };
		BF86AB58A13562D7C4E3F976 /* include_juce_opengl.mm in Sources */ = {isa = PBXBuildFile; fileRef = EE812907B16E7410CC4180FB /* include_juce_opengl.mm */; };
		C39C2C7800721662456B6C95 /* include_juce_cryptography.mm in Sources */ = {isa = PBXBuildFile; fileRef = 015004F74D00CAAE1D9F19AD /* include_juce_cryptography.mm */; };
		C8582B8E13192A4E5B244840 /* AudioFileTransportComponent.cpp in Sources */ = {isa = PBXBuildFile; fileRef = BE511C329D66A7BB614E2748 /* AudioFileTransportComponent.cpp */; };
		D1D53E19F9EB8F06E0F5B7D5 /* AVFoundation.framework in Frameworks */ = {isa = PBXBuildFile; fileRef = 894E39320BFFF2B78CED8F9A /* AVFoundation.framework */; };
		D2AB5E12E63086405B67B625 /* WebKit.framework in Frameworks */ = {isa = PBXBuildFile; fileRef = F2C88DB78175AED50DC30D3F /* WebKit.framework */; };
		D8BDAE7DF374AFE601B41F7B /* include_juce_video.mm in Sources */ = {isa = PBXBuildFile; fileRef = CC5875A1D2AF4E1485718805 /* include_juce_video.mm */; };
		DD75AC73419BC86CECAFA4A8 /* include_juce_gui_basics.mm in Sources */ = {isa = PBXBuildFile; fileRef = 3FE242ED9F5050E89DAB90B0 /* include_juce_gui_basics.mm */; };
		F616673326FEBA5016142311 /* include_juce_audio_processors.mm in Sources */ = {isa = PBXBuildFile; fileRef = 94A988011CC692501C2D3A2B /* include_juce_audio_processors.mm */; };
		FE9E565220FDAB1E0A641427 /* CoreMedia.framework in Frameworks */ = {isa = PBXBuildFile; fileRef = AC8633CE48EF65F481676717 /* CoreMedia.framework */; };
/* End PBXBuildFile section */

/* Begin PBXFileReference section */
		015004F74D00CAAE1D9F19AD /* include_juce_cryptography.mm */ = {isa = PBXFileReference; lastKnownFileType = sourcecode.cpp.objcpp; name = include_juce_cryptography.mm; path = ../../JuceLibraryCode/include_juce_cryptography.mm; sourceTree = SOURCE_ROOT; };
		1292F2CA2DFD8533597C80E9 /* juce_audio_processors */ = {isa = PBXFileReference; lastKnownFileType = folder; name = juce_audio_processors; path = "/Users/dc3-brown/Documents/Libraries/JUCE/modules/juce_audio_processors"; sourceTree = "<absolute>"; };
		132C6C8A78BA5A324F2F58DD /* include_juce_graphics.mm */ = {isa = PBXFileReference; lastKnownFileType = sourcecode.cpp.objcpp; name = include_juce_graphics.mm; path = ../../JuceLibraryCode/include_juce_graphics.mm; sourceTree = SOURCE_ROOT; };
		15B53DC5768CC577C6BD3D69 /* AudioFileTransportComponent.h */ = {isa = PBXFileReference; lastKnownFileType = sourcecode.c.h; name = AudioFileTransportComponent.h; path = ../../Source/AudioFileTransportComponent.h; sourceTree = SOURCE_ROOT; };
		1A8419F033B6FE8FE4BB70AC /* Cocoa.framework */ = {isa = PBXFileReference; lastKnownFileType = wrapper.framework; name = Cocoa.framework; path = System/Library/Frameworks/Cocoa.framework; sourceTree = SDKROOT; };
		1C5529E9F6CBAF82E8AD6A12 /* include_juce_gui_extra.mm */ = {isa = PBXFileReference; lastKnownFileType = sourcecode.cpp.objcpp; name = include_juce_gui_extra.mm; path = ../../JuceLibraryCode/include_juce_gui_extra.mm; sourceTree = SOURCE_ROOT; };
		1DE807A05D910AA6DCE80CC7 /* Audio.h */ = {isa = PBXFileReference; lastKnownFileType = sourcecode.c.h; name = Audio.h; path = ../../Source/Audio.h; sourceTree = SOURCE_ROOT; };
		1FCF771BD158BD060C714FB0 /* AudioToolbox.framework */ = {isa = PBXFileReference; lastKnownFileType = wrapper.framework; name = AudioToolbox.framework; path = System/Library/Frameworks/AudioToolbox.framework; sourceTree = SDKROOT; };
		23EF56AFA0BA94B250587505 /* CoreAudio.framework */ = {isa = PBXFileReference; lastKnownFileType = wrapper.framework; name = CoreAudio.framework; path = System/Library/Frameworks/CoreAudio.framework; sourceTree = SDKROOT; };
		29DFE6B938D5B2CAB8F02005 /* juce_opengl */ = {isa = PBXFileReference; lastKnownFileType = folder; name = juce_opengl; path = "/Users/dc3-brown/Documents/Libraries/JUCE/modules/juce_opengl"; sourceTree = "<absolute>"; };
		38587BB0075574FFC072B5F9 /* juce_audio_devices */ = {isa = PBXFileReference; lastKnownFileType = folder; name = juce_audio_devices; path = "/Users/dc3-brown/Documents/Libraries/JUCE/modules/juce_audio_devices"; sourceTree = "<absolute>"; };
		3E3530157BAC6210B2A750D9 /* AVKit.framework */ = {isa = PBXFileReference; lastKnownFileType = wrapper.framework; name = AVKit.framework; path = System/Library/Frameworks/AVKit.framework; sourceTree = SDKROOT; };
		3FE242ED9F5050E89DAB90B0 /* include_juce_gui_basics.mm */ = {isa = PBXFileReference; lastKnownFileType = sourcecode.cpp.objcpp; name = include_juce_gui_basics.mm; path = ../../JuceLibraryCode/include_juce_gui_basics.mm; sourceTree = SOURCE_ROOT; };
		48366BDF25B65683C523100B /* include_juce_audio_devices.mm */ = {isa = PBXFileReference; lastKnownFileType = sourcecode.cpp.objcpp; name = include_juce_audio_devices.mm; path = ../../JuceLibraryCode/include_juce_audio_devices.mm; sourceTree = SOURCE_ROOT; };
		51168AEC59471110EDFDC497 /* QuartzCore.framework */ = {isa = PBXFileReference; lastKnownFileType = wrapper.framework; name = QuartzCore.framework; path = System/Library/Frameworks/QuartzCore.framework; sourceTree = SDKROOT; };
		5346B81D28CC2B91BE5A7EC0 /* MainComponent.h */ = {isa = PBXFileReference; lastKnownFileType = sourcecode.c.h; name = MainComponent.h; path = ../../Source/MainComponent.h; sourceTree = SOURCE_ROOT; };
		540BA33DBB0ED2452E5B26DA /* juce_gui_extra */ = {isa = PBXFileReference; lastKnownFileType = folder; name = juce_gui_extra; path = "/Users/dc3-brown/Documents/Libraries/JUCE/modules/juce_gui_extra"; sourceTree = "<absolute>"; };
		5560813935E1DC9D7FCB747B /* OpenGL.framework */ = {isa = PBXFileReference; lastKnownFileType = wrapper.framework; name = OpenGL.framework; path = System/Library/Frameworks/OpenGL.framework; sourceTree = SDKROOT; };
		5BD19DF168CF3A3748BCE85A /* Main.cpp */ = {isa = PBXFileReference; lastKnownFileType = sourcecode.cpp.cpp; name = Main.cpp; path = ../../Source/Main.cpp; sourceTree = SOURCE_ROOT; };
		6497A8D169C3F8D796DAE54B /* include_juce_events.mm */ = {isa = PBXFileReference; lastKnownFileType = sourcecode.cpp.objcpp; name = include_juce_events.mm; path = ../../JuceLibraryCode/include_juce_events.mm; sourceTree = SOURCE_ROOT; };
		743FB5FC163375BAEF7D968C /* juce_audio_basics */ = {isa = PBXFileReference; lastKnownFileType = folder; name = juce_audio_basics; path = "/Users/dc3-brown/Documents/Libraries/JUCE/modules/juce_audio_basics"; sourceTree = "<absolute>"; };
		84CFB8CB7B25DFC2FD920119 /* include_juce_data_structures.mm */ = {isa = PBXFileReference; lastKnownFileType = sourcecode.cpp.objcpp; name = include_juce_data_structures.mm; path = ../../JuceLibraryCode/include_juce_data_structures.mm; sourceTree = SOURCE_ROOT; };
		894E39320BFFF2B78CED8F9A /* AVFoundation.framework */ = {isa = PBXFileReference; lastKnownFileType = wrapper.framework; name = AVFoundation.framework; path = System/Library/Frameworks/AVFoundation.framework; sourceTree = SDKROOT; };
		8A6D57557CE1C0A4D79BF75D /* juce_core */ = {isa = PBXFileReference; lastKnownFileType = folder; name = juce_core; path = "/Users/dc3-brown/Documents/Libraries/JUCE/modules/juce_core"; sourceTree = "<absolute>"; };
		94A988011CC692501C2D3A2B /* include_juce_audio_processors.mm */ = {isa = PBXFileReference; lastKnownFileType = sourcecode.cpp.objcpp; name = include_juce_audio_processors.mm; path = ../../JuceLibraryCode/include_juce_audio_processors.mm; sourceTree = SOURCE_ROOT; };
		9965DA6D9A128DD1C6274A43 /* include_juce_audio_basics.mm */ = {isa = PBXFileReference; lastKnownFileType = sourcecode.cpp.objcpp; name = include_juce_audio_basics.mm; path = ../../JuceLibraryCode/include_juce_audio_basics.mm; sourceTree = SOURCE_ROOT; };
		A0A136B7A38EC9E5D98768F7 /* include_juce_core.mm */ = {isa = PBXFileReference; lastKnownFileType = sourcecode.cpp.objcpp; name = include_juce_core.mm; path = ../../JuceLibraryCode/include_juce_core.mm; sourceTree = SOURCE_ROOT; };
		A2BFC34F17DD8F399E038AC0 /* juce_audio_formats */ = {isa = PBXFileReference; lastKnownFileType = folder; name = juce_audio_formats; path = "/Users/dc3-brown/Documents/Libraries/JUCE/modules/juce_audio_formats"; sourceTree = "<absolute>"; };
		A353D26C0A4C7DD5CD3B69EA /* AudioTranscriber.app */ = {isa = PBXFileReference; explicitFileType = wrapper.application; includeInIndex = 0; path = AudioTranscriber.app; sourceTree = BUILT_PRODUCTS_DIR; };
		AC8633CE48EF65F481676717 /* CoreMedia.framework */ = {isa = PBXFileReference; lastKnownFileType = wrapper.framework; name = CoreMedia.framework; path = System/Library/Frameworks/CoreMedia.framework; sourceTree = SDKROOT; };
		B49B04C71FB71BDD00B46344 /* VideoFileTransportComponent.cpp */ = {isa = PBXFileReference; fileEncoding = 4; lastKnownFileType = sourcecode.cpp.cpp; name = VideoFileTransportComponent.cpp; path = ../../Source/VideoFileTransportComponent.cpp; sourceTree = "<group>"; };
		B49B04C81FB71BDD00B46344 /* VideoFileTransportComponent.h */ = {isa = PBXFileReference; fileEncoding = 4; lastKnownFileType = sourcecode.c.h; name = VideoFileTransportComponent.h; path = ../../Source/VideoFileTransportComponent.h; sourceTree = "<group>"; };
		B49B04CA1FB71C9D00B46344 /* FileTransportComponent.cpp */ = {isa = PBXFileReference; fileEncoding = 4; lastKnownFileType = sourcecode.cpp.cpp; name = FileTransportComponent.cpp; path = ../../Source/FileTransportComponent.cpp; sourceTree = "<group>"; };
		B49B04CB1FB71C9D00B46344 /* FileTransportComponent.h */ = {isa = PBXFileReference; fileEncoding = 4; lastKnownFileType = sourcecode.c.h; name = FileTransportComponent.h; path = ../../Source/FileTransportComponent.h; sourceTree = "<group>"; };
		B5A2C5CACC20EAEF7A271F42 /* JuceHeader.h */ = {isa = PBXFileReference; lastKnownFileType = sourcecode.c.h; name = JuceHeader.h; path = ../../JuceLibraryCode/JuceHeader.h; sourceTree = SOURCE_ROOT; };
		B91727E52B78E3B9E680D561 /* Info-App.plist */ = {isa = PBXFileReference; lastKnownFileType = text.plist.xml; path = "Info-App.plist"; sourceTree = SOURCE_ROOT; };
		BB8D5334882BCC7986FACC1D /* Accelerate.framework */ = {isa = PBXFileReference; lastKnownFileType = wrapper.framework; name = Accelerate.framework; path = System/Library/Frameworks/Accelerate.framework; sourceTree = SDKROOT; };
		BD8659DC617BCD46C92A6BBA /* include_juce_audio_formats.mm */ = {isa = PBXFileReference; lastKnownFileType = sourcecode.cpp.objcpp; name = include_juce_audio_formats.mm; path = ../../JuceLibraryCode/include_juce_audio_formats.mm; sourceTree = SOURCE_ROOT; };
		BE511C329D66A7BB614E2748 /* AudioFileTransportComponent.cpp */ = {isa = PBXFileReference; lastKnownFileType = sourcecode.cpp.cpp; name = AudioFileTransportComponent.cpp; path = ../../Source/AudioFileTransportComponent.cpp; sourceTree = SOURCE_ROOT; };
		BEE294C9257842B0F5F25E94 /* juce_cryptography */ = {isa = PBXFileReference; lastKnownFileType = folder; name = juce_cryptography; path = "/Users/dc3-brown/Documents/Libraries/JUCE/modules/juce_cryptography"; sourceTree = "<absolute>"; };
		C65C7C1DD8725AAE31F72FB5 /* Audio.cpp */ = {isa = PBXFileReference; lastKnownFileType = sourcecode.cpp.cpp; name = Audio.cpp; path = ../../Source/Audio.cpp; sourceTree = SOURCE_ROOT; };
		CC5875A1D2AF4E1485718805 /* include_juce_video.mm */ = {isa = PBXFileReference; lastKnownFileType = sourcecode.cpp.objcpp; name = include_juce_video.mm; path = ../../JuceLibraryCode/include_juce_video.mm; sourceTree = SOURCE_ROOT; };
		CE7B4CF54C8F924B66C6084A /* IOKit.framework */ = {isa = PBXFileReference; lastKnownFileType = wrapper.framework; name = IOKit.framework; path = System/Library/Frameworks/IOKit.framework; sourceTree = SDKROOT; };
		CF02CFFD9AB919E585D62D09 /* juce_events */ = {isa = PBXFileReference; lastKnownFileType = folder; name = juce_events; path = "/Users/dc3-brown/Documents/Libraries/JUCE/modules/juce_events"; sourceTree = "<absolute>"; };
		CF91D2C6FE6DB15D5E66A12A /* juce_data_structures */ = {isa = PBXFileReference; lastKnownFileType = folder; name = juce_data_structures; path = "/Users/dc3-brown/Documents/Libraries/JUCE/modules/juce_data_structures"; sourceTree = "<absolute>"; };
		D298D2808021E2418D103F32 /* Carbon.framework */ = {isa = PBXFileReference; lastKnownFileType = wrapper.framework; name = Carbon.framework; path = System/Library/Frameworks/Carbon.framework; sourceTree = SDKROOT; };
		DBA68FB14DEDE6B234A3645C /* CoreMIDI.framework */ = {isa = PBXFileReference; lastKnownFileType = wrapper.framework; name = CoreMIDI.framework; path = System/Library/Frameworks/CoreMIDI.framework; sourceTree = SDKROOT; };
		E8279483F7086911F1E60483 /* RecentFilesMenuTemplate.nib */ = {isa = PBXFileReference; lastKnownFileType = file.nib; path = RecentFilesMenuTemplate.nib; sourceTree = SOURCE_ROOT; };
		E8C60C8B43807BF23F763ABE /* juce_graphics */ = {isa = PBXFileReference; lastKnownFileType = folder; name = juce_graphics; path = "/Users/dc3-brown/Documents/Libraries/JUCE/modules/juce_graphics"; sourceTree = "<absolute>"; };
		E8F8023628123AE406D28DBD /* Ids.h */ = {isa = PBXFileReference; lastKnownFileType = sourcecode.c.h; name = Ids.h; path = ../../Source/Ids.h; sourceTree = SOURCE_ROOT; };
		EE812907B16E7410CC4180FB /* include_juce_opengl.mm */ = {isa = PBXFileReference; lastKnownFileType = sourcecode.cpp.objcpp; name = include_juce_opengl.mm; path = ../../JuceLibraryCode/include_juce_opengl.mm; sourceTree = SOURCE_ROOT; };
		F1D844BEDA88473CE5D005E2 /* MainComponent.cpp */ = {isa = PBXFileReference; lastKnownFileType = sourcecode.cpp.cpp; name = MainComponent.cpp; path = ../../Source/MainComponent.cpp; sourceTree = SOURCE_ROOT; };
		F2C88DB78175AED50DC30D3F /* WebKit.framework */ = {isa = PBXFileReference; lastKnownFileType = wrapper.framework; name = WebKit.framework; path = System/Library/Frameworks/WebKit.framework; sourceTree = SDKROOT; };
		F83A142EAD2EBCF9634284DF /* juce_gui_basics */ = {isa = PBXFileReference; lastKnownFileType = folder; name = juce_gui_basics; path = "/Users/dc3-brown/Documents/Libraries/JUCE/modules/juce_gui_basics"; sourceTree = "<absolute>"; };
		FD7FF9074419647801592B37 /* juce_video */ = {isa = PBXFileReference; lastKnownFileType = folder; name = juce_video; path = "/Users/dc3-brown/Documents/Libraries/JUCE/modules/juce_video"; sourceTree = "<absolute>"; };
		FF1016EB4D66E059FECEEB94 /* AppConfig.h */ = {isa = PBXFileReference; lastKnownFileType = sourcecode.c.h; name = AppConfig.h; path = ../../JuceLibraryCode/AppConfig.h; sourceTree = SOURCE_ROOT; };
/* End PBXFileReference section */

/* Begin PBXFrameworksBuildPhase section */
		E16B40886EA06FD96F832D32 /* Frameworks */ = {
			isa = PBXFrameworksBuildPhase;
			buildActionMask = 2147483647;
			files = (
				871B6C3F3A420B9FE904FA0E /* Accelerate.framework in Frameworks */,
				855D096D5A88B2B4D3D1B48E /* AudioToolbox.framework in Frameworks */,
				D1D53E19F9EB8F06E0F5B7D5 /* AVFoundation.framework in Frameworks */,
				9C3F1498DA9690BB82CCE402 /* AVKit.framework in Frameworks */,
				041747034D4B24A2E6964373 /* Carbon.framework in Frameworks */,
				BB703FD5F8DB871661B8B946 /* Cocoa.framework in Frameworks */,
				5B7258FAC3F8F04AE6B4884C /* CoreAudio.framework in Frameworks */,
				FE9E565220FDAB1E0A641427 /* CoreMedia.framework in Frameworks */,
				9045233725AB8E1441B86C74 /* CoreMIDI.framework in Frameworks */,
				03BDEFAFBCF7B06B311FF2A7 /* IOKit.framework in Frameworks */,
				56F4C746F4EA88A42AE1467C /* OpenGL.framework in Frameworks */,
				27ABD24095364763CBD6FFAC /* QuartzCore.framework in Frameworks */,
				D2AB5E12E63086405B67B625 /* WebKit.framework in Frameworks */,
			);
			runOnlyForDeploymentPostprocessing = 0;
		};
/* End PBXFrameworksBuildPhase section */

/* Begin PBXGroup section */
		124D36CF17AD95C7469936D7 /* Frameworks */ = {
			isa = PBXGroup;
			children = (
				BB8D5334882BCC7986FACC1D /* Accelerate.framework */,
				1FCF771BD158BD060C714FB0 /* AudioToolbox.framework */,
				894E39320BFFF2B78CED8F9A /* AVFoundation.framework */,
				3E3530157BAC6210B2A750D9 /* AVKit.framework */,
				D298D2808021E2418D103F32 /* Carbon.framework */,
				1A8419F033B6FE8FE4BB70AC /* Cocoa.framework */,
				23EF56AFA0BA94B250587505 /* CoreAudio.framework */,
				AC8633CE48EF65F481676717 /* CoreMedia.framework */,
				DBA68FB14DEDE6B234A3645C /* CoreMIDI.framework */,
				CE7B4CF54C8F924B66C6084A /* IOKit.framework */,
				5560813935E1DC9D7FCB747B /* OpenGL.framework */,
				51168AEC59471110EDFDC497 /* QuartzCore.framework */,
				F2C88DB78175AED50DC30D3F /* WebKit.framework */,
			);
			name = Frameworks;
			sourceTree = "<group>";
		};
		2F5485ECE55CD356CFAD943D /* AudioTranscriber */ = {
			isa = PBXGroup;
			children = (
				D9F8B23D4806ECB150ED259B /* Source */,
			);
			name = AudioTranscriber;
			sourceTree = "<group>";
		};
		41F221BC6AAB819F1D340D2A /* Juce Library Code */ = {
			isa = PBXGroup;
			children = (
				FF1016EB4D66E059FECEEB94 /* AppConfig.h */,
				9965DA6D9A128DD1C6274A43 /* include_juce_audio_basics.mm */,
				48366BDF25B65683C523100B /* include_juce_audio_devices.mm */,
				BD8659DC617BCD46C92A6BBA /* include_juce_audio_formats.mm */,
				94A988011CC692501C2D3A2B /* include_juce_audio_processors.mm */,
				A0A136B7A38EC9E5D98768F7 /* include_juce_core.mm */,
				015004F74D00CAAE1D9F19AD /* include_juce_cryptography.mm */,
				84CFB8CB7B25DFC2FD920119 /* include_juce_data_structures.mm */,
				6497A8D169C3F8D796DAE54B /* include_juce_events.mm */,
				132C6C8A78BA5A324F2F58DD /* include_juce_graphics.mm */,
				3FE242ED9F5050E89DAB90B0 /* include_juce_gui_basics.mm */,
				1C5529E9F6CBAF82E8AD6A12 /* include_juce_gui_extra.mm */,
				EE812907B16E7410CC4180FB /* include_juce_opengl.mm */,
				CC5875A1D2AF4E1485718805 /* include_juce_video.mm */,
				B5A2C5CACC20EAEF7A271F42 /* JuceHeader.h */,
			);
			name = "Juce Library Code";
			sourceTree = "<group>";
		};
		BA4E8BAD2E4B6597C3CA9B6F /* Source */ = {
			isa = PBXGroup;
			children = (
				2F5485ECE55CD356CFAD943D /* AudioTranscriber */,
				F3152814EF832748E22528C1 /* Juce Modules */,
				41F221BC6AAB819F1D340D2A /* Juce Library Code */,
				D9A09605E79D7B01D04105F0 /* Resources */,
				124D36CF17AD95C7469936D7 /* Frameworks */,
				BE0B905D8230C636F0E698B1 /* Products */,
			);
			name = Source;
			sourceTree = "<group>";
		};
		BE0B905D8230C636F0E698B1 /* Products */ = {
			isa = PBXGroup;
			children = (
				A353D26C0A4C7DD5CD3B69EA /* AudioTranscriber.app */,
			);
			name = Products;
			sourceTree = "<group>";
		};
		D9A09605E79D7B01D04105F0 /* Resources */ = {
			isa = PBXGroup;
			children = (
				B91727E52B78E3B9E680D561 /* Info-App.plist */,
				E8279483F7086911F1E60483 /* RecentFilesMenuTemplate.nib */,
			);
			name = Resources;
			sourceTree = "<group>";
		};
		D9F8B23D4806ECB150ED259B /* Source */ = {
			isa = PBXGroup;
			children = (
				F1D844BEDA88473CE5D005E2 /* MainComponent.cpp */,
				5346B81D28CC2B91BE5A7EC0 /* MainComponent.h */,
				5BD19DF168CF3A3748BCE85A /* Main.cpp */,
				C65C7C1DD8725AAE31F72FB5 /* Audio.cpp */,
				1DE807A05D910AA6DCE80CC7 /* Audio.h */,
				BE511C329D66A7BB614E2748 /* AudioFileTransportComponent.cpp */,
				15B53DC5768CC577C6BD3D69 /* AudioFileTransportComponent.h */,
				B49B04C71FB71BDD00B46344 /* VideoFileTransportComponent.cpp */,
				B49B04C81FB71BDD00B46344 /* VideoFileTransportComponent.h */,
				B49B04CA1FB71C9D00B46344 /* FileTransportComponent.cpp */,
				B49B04CB1FB71C9D00B46344 /* FileTransportComponent.h */,
				E8F8023628123AE406D28DBD /* Ids.h */,
			);
			name = Source;
			sourceTree = "<group>";
		};
		F3152814EF832748E22528C1 /* Juce Modules */ = {
			isa = PBXGroup;
			children = (
				743FB5FC163375BAEF7D968C /* juce_audio_basics */,
				38587BB0075574FFC072B5F9 /* juce_audio_devices */,
				A2BFC34F17DD8F399E038AC0 /* juce_audio_formats */,
				1292F2CA2DFD8533597C80E9 /* juce_audio_processors */,
				8A6D57557CE1C0A4D79BF75D /* juce_core */,
				BEE294C9257842B0F5F25E94 /* juce_cryptography */,
				CF91D2C6FE6DB15D5E66A12A /* juce_data_structures */,
				CF02CFFD9AB919E585D62D09 /* juce_events */,
				E8C60C8B43807BF23F763ABE /* juce_graphics */,
				F83A142EAD2EBCF9634284DF /* juce_gui_basics */,
				540BA33DBB0ED2452E5B26DA /* juce_gui_extra */,
				29DFE6B938D5B2CAB8F02005 /* juce_opengl */,
				FD7FF9074419647801592B37 /* juce_video */,
			);
			name = "Juce Modules";
			sourceTree = "<group>";
		};
/* End PBXGroup section */

/* Begin PBXNativeTarget section */
		5D4DBCDE009D4D3F2974395E /* AudioTranscriber - App */ = {
			isa = PBXNativeTarget;
			buildConfigurationList = 0770A2123267EF11C41818E7 /* Build configuration list for PBXNativeTarget "AudioTranscriber - App" */;
			buildPhases = (
				4DE55C966D8B39DBDAA8E61C /* Resources */,
				3B41AB1776270EA8A494CF00 /* Sources */,
				E16B40886EA06FD96F832D32 /* Frameworks */,
			);
			buildRules = (
			);
			dependencies = (
			);
			name = "AudioTranscriber - App";
			productName = AudioTranscriber;
			productReference = A353D26C0A4C7DD5CD3B69EA /* AudioTranscriber.app */;
			productType = "com.apple.product-type.application";
		};
/* End PBXNativeTarget section */

/* Begin PBXProject section */
		A3AA9D3DEFD796D797BDDF04 /* Project object */ = {
			isa = PBXProject;
			attributes = {
				LastUpgradeCheck = 0830;
				TargetAttributes = {
					5D4DBCDE009D4D3F2974395E = {
						SystemCapabilities = {
							com.apple.ApplicationGroups.iOS = {
								enabled = 0;
							};
							com.apple.InAppPurchase = {
								enabled = 0;
							};
							com.apple.InterAppAudio = {
								enabled = 0;
							};
							com.apple.Push = {
								enabled = 0;
							};
							com.apple.Sandbox = {
								enabled = 0;
							};
						};
					};
				};
			};
			buildConfigurationList = 7A643EC9630A56E43C8C751F /* Build configuration list for PBXProject "AudioTranscriber" */;
			compatibilityVersion = "Xcode 3.2";
			developmentRegion = English;
			hasScannedForEncodings = 0;
			knownRegions = (
				en,
			);
			mainGroup = BA4E8BAD2E4B6597C3CA9B6F /* Source */;
			projectDirPath = "";
			projectRoot = "";
			targets = (
				5D4DBCDE009D4D3F2974395E /* AudioTranscriber - App */,
			);
		};
/* End PBXProject section */

/* Begin PBXResourcesBuildPhase section */
		4DE55C966D8B39DBDAA8E61C /* Resources */ = {
			isa = PBXResourcesBuildPhase;
			buildActionMask = 2147483647;
			files = (
				AE6E161A6697849D585917D6 /* RecentFilesMenuTemplate.nib in Resources */,
			);
			runOnlyForDeploymentPostprocessing = 0;
		};
/* End PBXResourcesBuildPhase section */

/* Begin PBXSourcesBuildPhase section */
		3B41AB1776270EA8A494CF00 /* Sources */ = {
			isa = PBXSourcesBuildPhase;
			buildActionMask = 2147483647;
			files = (
				67A7F6E142C2E8C492DEC10D /* MainComponent.cpp in Sources */,
				434AD31F01ED8DDA72B47A17 /* Main.cpp in Sources */,
				B5A6C29E194A0E8B44BE8B58 /* Audio.cpp in Sources */,
				C8582B8E13192A4E5B244840 /* AudioFileTransportComponent.cpp in Sources */,
				4C6F82E65A7D34DBA366B4BF /* include_juce_audio_basics.mm in Sources */,
				34CB8EA821DADADFA4500E51 /* include_juce_audio_devices.mm in Sources */,
				17EF2EBA9C7E862E015E7E96 /* include_juce_audio_formats.mm in Sources */,
				F616673326FEBA5016142311 /* include_juce_audio_processors.mm in Sources */,
				4F365168C022C80562CAA6A0 /* include_juce_core.mm in Sources */,
				C39C2C7800721662456B6C95 /* include_juce_cryptography.mm in Sources */,
				3B26643AF555E8069A9C6FEF /* include_juce_data_structures.mm in Sources */,
				A7971122F5FA965EE4D89F87 /* include_juce_events.mm in Sources */,
				3ADA0AEB4549E05CA1F21E2A /* include_juce_graphics.mm in Sources */,
				DD75AC73419BC86CECAFA4A8 /* include_juce_gui_basics.mm in Sources */,
				A87BDA116244F8B2F6F44A3E /* include_juce_gui_extra.mm in Sources */,
				BF86AB58A13562D7C4E3F976 /* include_juce_opengl.mm in Sources */,
				D8BDAE7DF374AFE601B41F7B /* include_juce_video.mm in Sources */,
				B49B04CC1FB71C9D00B46344 /* FileTransportComponent.cpp in Sources */,
				B49B04C91FB71BDD00B46344 /* VideoFileTransportComponent.cpp in Sources */,
			);
			runOnlyForDeploymentPostprocessing = 0;
		};
/* End PBXSourcesBuildPhase section */

/* Begin XCBuildConfiguration section */
		0B74CF556C13203343D9775B /* Debug */ = {
			isa = XCBuildConfiguration;
			buildSettings = {
				CLANG_CXX_LANGUAGE_STANDARD = "c++11";
				CLANG_LINK_OBJC_RUNTIME = NO;
				COMBINE_HIDPI_IMAGES = YES;
				CONFIGURATION_BUILD_DIR = "$(PROJECT_DIR)/build/$(CONFIGURATION)";
				COPY_PHASE_STRIP = NO;
				GCC_DYNAMIC_NO_PIC = NO;
				GCC_OPTIMIZATION_LEVEL = 0;
				GCC_PREPROCESSOR_DEFINITIONS = (
					"_DEBUG=1",
					"DEBUG=1",
					"JUCER_XCODE_MAC_F6D2F4CF=1",
					"JUCE_APP_VERSION=1.0.0",
					"JUCE_APP_VERSION_HEX=0x10000",
					"JucePlugin_Build_VST=0",
					"JucePlugin_Build_VST3=0",
					"JucePlugin_Build_AU=0",
					"JucePlugin_Build_AUv3=0",
					"JucePlugin_Build_RTAS=0",
					"JucePlugin_Build_AAX=0",
					"JucePlugin_Build_Standalone=0",
				);
				GCC_VERSION = com.apple.compilers.llvm.clang.1_0;
				HEADER_SEARCH_PATHS = (
					../../JuceLibraryCode,
					"/Users/dc3-brown/Documents/Libraries/JUCE/modules",
					"$(inherited)",
				);
				INFOPLIST_FILE = "Info-App.plist";
				INFOPLIST_PREPROCESS = NO;
				INSTALL_PATH = "$(HOME)/Applications";
				MACOSX_DEPLOYMENT_TARGET = 10.10;
				MACOSX_DEPLOYMENT_TARGET_ppc = 10.4;
				PRODUCT_BUNDLE_IDENTIFIER = com.yourcompany.AudioTranscriber;
				SDKROOT_ppc = macosx10.5;
				USE_HEADERMAP = NO;
			};
			name = Debug;
		};
		2417613632083F0BDDB17EA9 /* Release */ = {
			isa = XCBuildConfiguration;
			buildSettings = {
				CLANG_CXX_LANGUAGE_STANDARD = "c++11";
				CLANG_LINK_OBJC_RUNTIME = NO;
				COMBINE_HIDPI_IMAGES = YES;
				CONFIGURATION_BUILD_DIR = "$(PROJECT_DIR)/build/$(CONFIGURATION)";
				DEAD_CODE_STRIPPING = YES;
				GCC_GENERATE_DEBUGGING_SYMBOLS = NO;
				GCC_OPTIMIZATION_LEVEL = 3;
				GCC_PREPROCESSOR_DEFINITIONS = (
					"_NDEBUG=1",
					"NDEBUG=1",
					"JUCER_XCODE_MAC_F6D2F4CF=1",
					"JUCE_APP_VERSION=1.0.0",
					"JUCE_APP_VERSION_HEX=0x10000",
					"JucePlugin_Build_VST=0",
					"JucePlugin_Build_VST3=0",
					"JucePlugin_Build_AU=0",
					"JucePlugin_Build_AUv3=0",
					"JucePlugin_Build_RTAS=0",
					"JucePlugin_Build_AAX=0",
					"JucePlugin_Build_Standalone=0",
				);
				GCC_SYMBOLS_PRIVATE_EXTERN = YES;
				GCC_VERSION = com.apple.compilers.llvm.clang.1_0;
				HEADER_SEARCH_PATHS = (
					../../JuceLibraryCode,
					"/Users/dc3-brown/Documents/Libraries/JUCE/modules",
					"$(inherited)",
				);
				INFOPLIST_FILE = "Info-App.plist";
				INFOPLIST_PREPROCESS = NO;
				INSTALL_PATH = "$(HOME)/Applications";
				MACOSX_DEPLOYMENT_TARGET = 10.10;
				MACOSX_DEPLOYMENT_TARGET_ppc = 10.4;
				PRODUCT_BUNDLE_IDENTIFIER = com.yourcompany.AudioTranscriber;
				SDKROOT_ppc = macosx10.5;
				USE_HEADERMAP = NO;
			};
			name = Release;
		};
		59D9750C878293B28066895B /* Release */ = {
			isa = XCBuildConfiguration;
			buildSettings = {
				ALWAYS_SEARCH_USER_PATHS = NO;
				CLANG_WARN_BLOCK_CAPTURE_AUTORELEASING = YES;
				CLANG_WARN_BOOL_CONVERSION = YES;
				CLANG_WARN_COMMA = YES;
				CLANG_WARN_CONSTANT_CONVERSION = YES;
				CLANG_WARN_EMPTY_BODY = YES;
				CLANG_WARN_ENUM_CONVERSION = YES;
				CLANG_WARN_INFINITE_RECURSION = YES;
				CLANG_WARN_INT_CONVERSION = YES;
				CLANG_WARN_NON_LITERAL_NULL_CONVERSION = YES;
				CLANG_WARN_OBJC_LITERAL_CONVERSION = YES;
				CLANG_WARN_RANGE_LOOP_ANALYSIS = YES;
				CLANG_WARN_STRICT_PROTOTYPES = YES;
				CLANG_WARN_SUSPICIOUS_MOVE = YES;
				CLANG_WARN_UNREACHABLE_CODE = YES;
				CLANG_WARN__DUPLICATE_METHOD_MATCH = YES;
				DEBUG_INFORMATION_FORMAT = dwarf;
				ENABLE_STRICT_OBJC_MSGSEND = YES;
				GCC_C_LANGUAGE_STANDARD = c11;
				GCC_INLINES_ARE_PRIVATE_EXTERN = YES;
				GCC_MODEL_TUNING = G5;
				GCC_NO_COMMON_BLOCKS = YES;
				GCC_WARN_64_TO_32_BIT_CONVERSION = YES;
				GCC_WARN_ABOUT_RETURN_TYPE = YES;
				GCC_WARN_CHECK_SWITCH_STATEMENTS = YES;
				GCC_WARN_MISSING_PARENTHESES = YES;
				GCC_WARN_NON_VIRTUAL_DESTRUCTOR = YES;
				GCC_WARN_TYPECHECK_CALLS_TO_PRINTF = YES;
				GCC_WARN_UNDECLARED_SELECTOR = YES;
				GCC_WARN_UNINITIALIZED_AUTOS = YES;
				GCC_WARN_UNUSED_FUNCTION = YES;
				GCC_WARN_UNUSED_VARIABLE = YES;
				PRODUCT_NAME = AudioTranscriber;
				WARNING_CFLAGS = "-Wreorder";
				ZERO_LINK = NO;
			};
			name = Release;
		};
		BF4E4B37C3D5CF61025B0C71 /* Debug */ = {
			isa = XCBuildConfiguration;
			buildSettings = {
				ALWAYS_SEARCH_USER_PATHS = NO;
				CLANG_WARN_BLOCK_CAPTURE_AUTORELEASING = YES;
				CLANG_WARN_BOOL_CONVERSION = YES;
				CLANG_WARN_COMMA = YES;
				CLANG_WARN_CONSTANT_CONVERSION = YES;
				CLANG_WARN_EMPTY_BODY = YES;
				CLANG_WARN_ENUM_CONVERSION = YES;
				CLANG_WARN_INFINITE_RECURSION = YES;
				CLANG_WARN_INT_CONVERSION = YES;
				CLANG_WARN_NON_LITERAL_NULL_CONVERSION = YES;
				CLANG_WARN_OBJC_LITERAL_CONVERSION = YES;
				CLANG_WARN_RANGE_LOOP_ANALYSIS = YES;
				CLANG_WARN_STRICT_PROTOTYPES = YES;
				CLANG_WARN_SUSPICIOUS_MOVE = YES;
				CLANG_WARN_UNREACHABLE_CODE = YES;
				CLANG_WARN__DUPLICATE_METHOD_MATCH = YES;
				DEBUG_INFORMATION_FORMAT = dwarf;
				ENABLE_STRICT_OBJC_MSGSEND = YES;
				ENABLE_TESTABILITY = YES;
				GCC_C_LANGUAGE_STANDARD = c11;
				GCC_INLINES_ARE_PRIVATE_EXTERN = YES;
				GCC_MODEL_TUNING = G5;
				GCC_NO_COMMON_BLOCKS = YES;
				GCC_WARN_64_TO_32_BIT_CONVERSION = YES;
				GCC_WARN_ABOUT_RETURN_TYPE = YES;
				GCC_WARN_CHECK_SWITCH_STATEMENTS = YES;
				GCC_WARN_MISSING_PARENTHESES = YES;
				GCC_WARN_NON_VIRTUAL_DESTRUCTOR = YES;
				GCC_WARN_TYPECHECK_CALLS_TO_PRINTF = YES;
				GCC_WARN_UNDECLARED_SELECTOR = YES;
				GCC_WARN_UNINITIALIZED_AUTOS = YES;
				GCC_WARN_UNUSED_FUNCTION = YES;
				GCC_WARN_UNUSED_VARIABLE = YES;
				ONLY_ACTIVE_ARCH = YES;
				PRODUCT_NAME = AudioTranscriber;
				WARNING_CFLAGS = "-Wreorder";
				ZERO_LINK = NO;
			};
			name = Debug;
		};
/* End XCBuildConfiguration section */

/* Begin XCConfigurationList section */
		0770A2123267EF11C41818E7 /* Build configuration list for PBXNativeTarget "AudioTranscriber - App" */ = {
			isa = XCConfigurationList;
			buildConfigurations = (
				0B74CF556C13203343D9775B /* Debug */,
				2417613632083F0BDDB17EA9 /* Release */,
			);
			defaultConfigurationIsVisible = 0;
			defaultConfigurationName = Debug;
		};
		7A643EC9630A56E43C8C751F /* Build configuration list for PBXProject "AudioTranscriber" */ = {
			isa = XCConfigurationList;
			buildConfigurations = (
				BF4E4B37C3D5CF61025B0C71 /* Debug */,
				59D9750C878293B28066895B /* Release */,
			);
			defaultConfigurationIsVisible = 0;
			defaultConfigurationName = Debug;
		};
/* End XCConfigurationList section */
	};
	rootObject = A3AA9D3DEFD796D797BDDF04 /* Project object */;
}
